<Solution>
  <Configurations>
    <BuildType Name="DebugGame" />
    <BuildType Name="DebugGame Editor" />
    <BuildType Name="Development" />
    <BuildType Name="Development Editor" />
    <BuildType Name="Shipping" />
    <Platform Name="Android" />
    <Platform Name="Android-arm64" />
    <Platform Name="Android-x64" />
    <Platform Name="IOS" />
    <Platform Name="Win64" />
    <Platform Name="Win64-arm64" />
    <Platform Name="Win64-arm64ec" />
  </Configurations>
  <Folder Name="/Engine/">
    <Project Path="Intermediate/ProjectFiles/UE5.vcxproj" Id="e05e954f-e70d-31e9-b698-cf2291b1a28f">
      <BuildType Project="BuiltWithUnrealBuildTool" />
      <Platform Project="Win64" />
      <Build Project="false" />
    </Project>
  </Folder>
  <Folder Name="/Games/">
    <Project Path="Intermediate/ProjectFiles/TestZone.vcxproj" Id="dd87f02b-5b59-3c6d-89a0-d8593357c2d2">
      <BuildType Solution="DebugGame Editor|Android" Project="Invalid" />
      <BuildType Solution="DebugGame Editor|Android-arm64" Project="Invalid" />
      <BuildType Solution="DebugGame Editor|Android-x64" Project="Invalid" />
      <BuildType Solution="DebugGame Editor|IOS" Project="Invalid" />
      <BuildType Solution="DebugGame Editor|Win64" Project="DebugGame_Editor" />
      <BuildType Solution="DebugGame Editor|Win64-arm64" Project="Win64_arm64_DebugGame_Editor" />
      <BuildType Solution="DebugGame Editor|Win64-arm64ec" Project="Win64_arm64ec_DebugGame_Editor" />
      <BuildType Solution="DebugGame|Android" Project="Android_arm64_DebugGame" />
      <BuildType Solution="DebugGame|Android-arm64" Project="Android_arm64_DebugGame" />
      <BuildType Solution="DebugGame|Android-x64" Project="Android_x64_DebugGame" />
      <BuildType Solution="DebugGame|IOS" Project="IOS_DebugGame" />
      <BuildType Solution="DebugGame|Win64-arm64" Project="Win64_arm64_DebugGame" />
      <BuildType Solution="DebugGame|Win64-arm64ec" Project="Win64_arm64ec_DebugGame" />
      <BuildType Solution="Development Editor|Android" Project="Invalid" />
      <BuildType Solution="Development Editor|Android-arm64" Project="Invalid" />
      <BuildType Solution="Development Editor|Android-x64" Project="Invalid" />
      <BuildType Solution="Development Editor|IOS" Project="Invalid" />
      <BuildType Solution="Development Editor|Win64" Project="Development_Editor" />
      <BuildType Solution="Development Editor|Win64-arm64" Project="Win64_arm64_Development_Editor" />
      <BuildType Solution="Development Editor|Win64-arm64ec" Project="Win64_arm64ec_Development_Editor" />
      <BuildType Solution="Development|Android" Project="Android_arm64_Development" />
      <BuildType Solution="Development|Android-arm64" Project="Android_arm64_Development" />
      <BuildType Solution="Development|Android-x64" Project="Android_x64_Development" />
      <BuildType Solution="Development|IOS" Project="IOS_Development" />
      <BuildType Solution="Development|Win64-arm64" Project="Win64_arm64_Development" />
      <BuildType Solution="Development|Win64-arm64ec" Project="Win64_arm64ec_Development" />
      <BuildType Solution="Shipping|Android" Project="Android_arm64_Shipping" />
      <BuildType Solution="Shipping|Android-arm64" Project="Android_arm64_Shipping" />
      <BuildType Solution="Shipping|Android-x64" Project="Android_x64_Shipping" />
      <BuildType Solution="Shipping|IOS" Project="IOS_Shipping" />
      <BuildType Solution="Shipping|Win64-arm64" Project="Win64_arm64_Shipping" />
      <BuildType Solution="Shipping|Win64-arm64ec" Project="Win64_arm64ec_Shipping" />
      <Platform Project="x64" />
      <Build Solution="DebugGame Editor|Android" Project="false" />
      <Build Solution="DebugGame Editor|Android-arm64" Project="false" />
      <Build Solution="DebugGame Editor|Android-x64" Project="false" />
      <Build Solution="DebugGame Editor|IOS" Project="false" />
      <Build Solution="Development Editor|Android" Project="false" />
      <Build Solution="Development Editor|Android-arm64" Project="false" />
      <Build Solution="Development Editor|Android-x64" Project="false" />
      <Build Solution="Development Editor|IOS" Project="false" />
    </Project>
  </Folder>
  <Folder Name="/Visualizers/">
    <File Path="../../../game/epicLibrary/UE_5.8/Engine/Extras/VisualStudioDebugging/Unreal.natjmc" />
    <File Path="../../../game/epicLibrary/UE_5.8/Engine/Extras/VisualStudioDebugging/Unreal.natstepfilter" />
    <File Path="../../../game/epicLibrary/UE_5.8/Engine/Extras/VisualStudioDebugging/Unreal.natvis" />
  </Folder>
  <Properties Name="ddbf523f-7eb6-4887-bd51-85a714ff87eb">
    <Property Name="AvailablePlatforms" Value="Win64;IOS;Android" />
  </Properties>
</Solution>
